
Microsoft Visual Studio Solution File, Format Version 12.00
# Visual Studio 15
VisualStudioVersion = 15.0.28307.136
MinimumVisualStudioVersion = 10.0.40219.1
Project("{FAE04EC0-301F-11D3-BF4B-00C04F79EFBC}") = "EmployeerSystem", "EmployeerSystem\EmployeerSystem.csproj", "{0B16A282-D965-42AC-B952-B42FC1AB4827}"
EndProject
Global
	GlobalSection(SolutionConfigurationPlatforms) = preSolution
		Debug|Any CPU = Debug|Any CPU
		Release|Any CPU = Release|Any CPU
	EndGlobalSection
	GlobalSection(ProjectConfigurationPlatforms) = postSolution
		{0B16A282-D965-42AC-B952-B42FC1AB4827}.Debug|Any CPU.ActiveCfg = Debug|Any CPU
		{0B16A282-D965-42AC-B952-B42FC1AB4827}.Debug|Any CPU.Build.0 = Debug|Any CPU
		{0B16A282-D965-42AC-B952-B42FC1AB4827}.Release|Any CPU.ActiveCfg = Release|Any CPU
		{0B16A282-D965-42AC-B952-B42FC1AB4827}.Release|Any CPU.Build.0 = Release|Any CPU
	EndGlobalSection
	GlobalSection(SolutionProperties) = preSolution
		HideSolutionNode = FALSE
	EndGlobalSection
	GlobalSection(ExtensibilityGlobals) = postSolution
		SolutionGuid = {AD7842E2-C77F-4F45-9A06-E146A6B14206}
	EndGlobalSection
EndGlobal
